lockfileVersion: '9.0'

settings:
  autoInstallPeers: true
  excludeLinksFromLockfile: false

importers:

  .:
    devDependencies:
      '@originjs/vite-plugin-federation':
        specifier: ^1.4.1
        version: 1.4.1

packages:

  '@jridgewell/sourcemap-codec@1.5.4':
    resolution: {integrity: sha512-VT2+G1VQs/9oz078bLrYbecdZKs912zQlkelYpuf+SXF+QvZDYJlbx/LSx+meSAwdDFnF8FVXW92AVjjkVmgFw==}

  '@originjs/vite-plugin-federation@1.4.1':
    resolution: {integrity: sha512-Uo08jW5pj1t58OUKuZNkmzcfTN2pqeVuAWCCiKf/75/oll4Efq4cHOqSE1FXMlvwZNGDziNdDyBbQ5IANem3CQ==}
    engines: {node: '>=14.0.0', pnpm: '>=7.0.1'}

  '@types/estree@1.0.8':
    resolution: {integrity: sha512-dWHzHa2WqEXI/O1E9OjrocMTKJl2mSrEolh1Iomrv6U+JuNwaHXsXx9bLu5gG7BUWFIN0skIQJQ/L1rIex4X6w==}

  estree-walker@3.0.3:
    resolution: {integrity: sha512-7RUKfXgSMMkzt6ZuXmqapOurLGPPfgj6l9uRZ7lRGolvk0y2yocc35LdcxKC5PQZdn2DMqioAQ2NoWcrTKmm6g==}

  magic-string@0.27.0:
    resolution: {integrity: sha512-8UnnX2PeRAPZuN12svgR9j7M1uWMovg/CEnIwIG0LFkXSJJe4PdfUGiTGl8V9bsBHFUtfVINcSyYxd7q+kx9fA==}
    engines: {node: '>=12'}

snapshots:

  '@jridgewell/sourcemap-codec@1.5.4': {}

  '@originjs/vite-plugin-federation@1.4.1':
    dependencies:
      estree-walker: 3.0.3
      magic-string: 0.27.0

  '@types/estree@1.0.8': {}

  estree-walker@3.0.3:
    dependencies:
      '@types/estree': 1.0.8

  magic-string@0.27.0:
    dependencies:
      '@jridgewell/sourcemap-codec': 1.5.4
